
Microsoft Visual Studio Solution File, Format Version 12.00
# Visual Studio Version 17
VisualStudioVersion = 17.0.32126.317
MinimumVisualStudioVersion = 10.0.40219.1
Project("{FAE04EC0-301F-11D3-BF4B-00C04F79EFBC}") = "GorbunovAEOKadrov", "GorbunovAEOKadrov.csproj", "{01240A14-E181-496D-BA08-DEA0BD9CFCCE}"
EndProject
Global
	GlobalSection(SolutionConfigurationPlatforms) = preSolution
		Debug|Any CPU = Debug|Any CPU
		Release|Any CPU = Release|Any CPU
	EndGlobalSection
	GlobalSection(ProjectConfigurationPlatforms) = postSolution
		{01240A14-E181-496D-BA08-DEA0BD9CFCCE}.Debug|Any CPU.ActiveCfg = Debug|Any CPU
		{01240A14-E181-496D-BA08-DEA0BD9CFCCE}.Debug|Any CPU.Build.0 = Debug|Any CPU
		{01240A14-E181-496D-BA08-DEA0BD9CFCCE}.Release|Any CPU.ActiveCfg = Release|Any CPU
		{01240A14-E181-496D-BA08-DEA0BD9CFCCE}.Release|Any CPU.Build.0 = Release|Any CPU
	EndGlobalSection
	GlobalSection(SolutionProperties) = preSolution
		HideSolutionNode = FALSE
	EndGlobalSection
	GlobalSection(ExtensibilityGlobals) = postSolution
		SolutionGuid = {9B1C31FE-8B9E-4E12-9B8C-878CBB915639}
	EndGlobalSection
EndGlobal
